<?xml version="1.0" encoding="utf-8"?>
<Project ToolsVersion="4.0" xmlns="http://schemas.microsoft.com/developer/msbuild/2003">
  <ItemGroup>
    <Filter Include="Source Files">
      <UniqueIdentifier>{4FC737F1-C7A5-4376-A066-2A32D752A2FF}</UniqueIdentifier>
      <Extensions>cpp;c;cc;cxx;c++;cppm;ixx;def;odl;idl;hpj;bat;asm;asmx</Extensions>
    </Filter>
    <Filter Include="Header Files">
      <UniqueIdentifier>{93995380-89BD-4b04-88EB-625FBE52EBFB}</UniqueIdentifier>
      <Extensions>h;hh;hpp;hxx;h++;hm;inl;inc;ipp;xsd</Extensions>
    </Filter>
    <Filter Include="Resource Files">
      <UniqueIdentifier>{67DA6AB6-F800-4c08-8B7A-83BB121AAD01}</UniqueIdentifier>
      <Extensions>rc;ico;cur;bmp;dlg;rc2;rct;bin;rgs;gif;jpg;jpeg;jpe;resx;tiff;tif;png;wav;mfcribbon-ms</Extensions>
    </Filter>
    <Filter Include="Header Files\Map">
      <UniqueIdentifier>{b7f82a8a-d0aa-4b35-b2a7-2e900a7ce689}</UniqueIdentifier>
    </Filter>
    <Filter Include="Source Files\Map">
      <UniqueIdentifier>{34896443-8bf6-45e8-9751-2f29f2b58f15}</UniqueIdentifier>
    </Filter>
    <Filter Include="Header Files\Command">
      <UniqueIdentifier>{a4e87d87-0f3a-4db0-b088-f6ee8bedbd11}</UniqueIdentifier>
    </Filter>
    <Filter Include="Header Files\Command\Results">
      <UniqueIdentifier>{71fc0c34-8f98-4c14-a4ee-638354bdcb8a}</UniqueIdentifier>
    </Filter>
    <Filter Include="Source Files\Command">
      <UniqueIdentifier>{5f04a7d5-5a67-4146-91d3-3c1107f1a39e}</UniqueIdentifier>
    </Filter>
    <Filter Include="Header Files\Units">
      <UniqueIdentifier>{ddaeb583-333b-47c7-8ac5-49d2089098fc}</UniqueIdentifier>
    </Filter>
    <Filter Include="Source Files\Units">
      <UniqueIdentifier>{d75be625-efb3-43f1-8cf9-c7eef6d6e371}</UniqueIdentifier>
    </Filter>
    <Filter Include="Header Files\Pathing">
      <UniqueIdentifier>{3fca6be9-c01a-41e3-961b-dd9f09781a06}</UniqueIdentifier>
    </Filter>
    <Filter Include="Source Files\Pathing">
      <UniqueIdentifier>{5c323a15-9900-4117-bab7-41788924ca2a}</UniqueIdentifier>
    </Filter>
    <Filter Include="Header Files\Systems">
      <UniqueIdentifier>{bdd17cac-3e9d-4d7d-92fc-7a65162f39b3}</UniqueIdentifier>
    </Filter>
    <Filter Include="Source Files\Systems">
      <UniqueIdentifier>{9cb9c28d-a263-441d-aa5a-7790b5de81b5}</UniqueIdentifier>
    </Filter>
    <Filter Include="Header Files\Effects">
      <UniqueIdentifier>{91772bed-99e2-4691-a882-6864e9535f2c}</UniqueIdentifier>
    </Filter>
    <Filter Include="Header Files\Spells">
      <UniqueIdentifier>{d91e0b8f-db1c-46ce-a7f8-2f49cef9a493}</UniqueIdentifier>
    </Filter>
    <Filter Include="Source Files\Spells">
      <UniqueIdentifier>{08d0452d-578b-42bf-a4b5-48cbda1252a5}</UniqueIdentifier>
    </Filter>
  </ItemGroup>
  <ItemGroup>
    <ClCompile Include="Game.cpp">
      <Filter>Source Files</Filter>
    </ClCompile>
    <ClCompile Include="Map.cpp">
      <Filter>Source Files\Map</Filter>
    </ClCompile>
    <ClCompile Include="Command.cpp">
      <Filter>Source Files\Command</Filter>
    </ClCompile>
    <ClCompile Include="Entity.cpp">
      <Filter>Source Files\Units</Filter>
    </ClCompile>
    <ClCompile Include="Pathfinding.cpp">
      <Filter>Source Files\Pathing</Filter>
    </ClCompile>
    <ClCompile Include="EnvironmentSystem.h">
      <Filter>Header Files\Systems</Filter>
    </ClCompile>
    <ClCompile Include="EnvironmentSystem.cpp">
      <Filter>Source Files\Systems</Filter>
    </ClCompile>
    <ClCompile Include="HostileAISystem.h">
      <Filter>Header Files\Systems</Filter>
    </ClCompile>
    <ClCompile Include="SummonsAISystem.h">
      <Filter>Header Files\Systems</Filter>
    </ClCompile>
    <ClCompile Include="HostileAISystem.cpp">
      <Filter>Source Files\Systems</Filter>
    </ClCompile>
    <ClCompile Include="SummonsAISystem.cpp">
      <Filter>Source Files\Systems</Filter>
    </ClCompile>
    <ClCompile Include="CastResult.h">
      <Filter>Header Files\Command\Results</Filter>
    </ClCompile>
    <ClCompile Include="WaterSpell.cpp">
      <Filter>Source Files\Spells</Filter>
    </ClCompile>
    <ClCompile Include="FireSpell.cpp">
      <Filter>Source Files\Spells</Filter>
    </ClCompile>
    <ClCompile Include="Spell.cpp">
      <Filter>Source Files\Spells</Filter>
    </ClCompile>
  </ItemGroup>
  <ItemGroup>
    <ClInclude Include="Game.h">
      <Filter>Header Files</Filter>
    </ClInclude>
    <ClInclude Include="Map.h">
      <Filter>Header Files\Map</Filter>
    </ClInclude>
    <ClInclude Include="CommandSerialization.h">
      <Filter>Header Files\Command</Filter>
    </ClInclude>
    <ClInclude Include="Command.h">
      <Filter>Header Files\Command</Filter>
    </ClInclude>
    <ClInclude Include="AttackResult.h">
      <Filter>Header Files\Command\Results</Filter>
    </ClInclude>
    <ClInclude Include="MoveResult.h">
      <Filter>Header Files\Command\Results</Filter>
    </ClInclude>
    <ClInclude Include="PulseResult.h">
      <Filter>Header Files\Command\Results</Filter>
    </ClInclude>
    <ClInclude Include="SummonResult.h">
      <Filter>Header Files\Command\Results</Filter>
    </ClInclude>
    <ClInclude Include="Player.h">
      <Filter>Header Files\Units</Filter>
    </ClInclude>
    <ClInclude Include="Entity.h">
      <Filter>Header Files\Units</Filter>
    </ClInclude>
    <ClInclude Include="SummonCommandResult.h">
      <Filter>Header Files\Command\Results</Filter>
    </ClInclude>
    <ClInclude Include="Pathfinding.h">
      <Filter>Header Files\Pathing</Filter>
    </ClInclude>
    <ClInclude Include="Actor.h">
      <Filter>Header Files\Units</Filter>
    </ClInclude>
    <ClInclude Include="Status.h">
      <Filter>Header Files\Effects</Filter>
    </ClInclude>
    <ClInclude Include="Spell.h">
      <Filter>Header Files\Spells</Filter>
    </ClInclude>
  </ItemGroup>
</Project>