
Microsoft Visual Studio Solution File, Format Version 12.00
# Visual Studio Version 17
VisualStudioVersion = 17.14.36414.22
MinimumVisualStudioVersion = 10.0.40219.1
Project("{8BC9CEB8-8B4A-11D0-8D11-00A0C91BC942}") = "NecroCore", "NecroCore\NecroCore.vcxproj", "{3521582F-27A0-42D2-9DE3-4C3ADF1060B2}"
EndProject
Project("{8BC9CEB8-8B4A-11D0-8D11-00A0C91BC942}") = "NecroClient", "NecroClient\NecroClient.vcxproj", "{B8E863A5-3D3A-4CED-B688-9FDD8AA00C70}"
EndProject
Project("{8BC9CEB8-8B4A-11D0-8D11-00A0C91BC942}") = "NecroCore.Tests", "NecroCore.Tests\NecroCore.Tests.vcxproj", "{44C8A0B6-9509-43C4-B972-40FA31B0C341}"
EndProject
Global
	GlobalSection(SolutionConfigurationPlatforms) = preSolution
		Debug|x64 = Debug|x64
		Debug|x86 = Debug|x86
		Release|x64 = Release|x64
		Release|x86 = Release|x86
	EndGlobalSection
	GlobalSection(ProjectConfigurationPlatforms) = postSolution
		{3521582F-27A0-42D2-9DE3-4C3ADF1060B2}.Debug|x64.ActiveCfg = Debug|x64
		{3521582F-27A0-42D2-9DE3-4C3ADF1060B2}.Debug|x64.Build.0 = Debug|x64
		{3521582F-27A0-42D2-9DE3-4C3ADF1060B2}.Debug|x86.ActiveCfg = Debug|Win32
		{3521582F-27A0-42D2-9DE3-4C3ADF1060B2}.Debug|x86.Build.0 = Debug|Win32
		{3521582F-27A0-42D2-9DE3-4C3ADF1060B2}.Release|x64.ActiveCfg = Release|x64
		{3521582F-27A0-42D2-9DE3-4C3ADF1060B2}.Release|x64.Build.0 = Release|x64
		{3521582F-27A0-42D2-9DE3-4C3ADF1060B2}.Release|x86.ActiveCfg = Release|Win32
		{3521582F-27A0-42D2-9DE3-4C3ADF1060B2}.Release|x86.Build.0 = Release|Win32
		{B8E863A5-3D3A-4CED-B688-9FDD8AA00C70}.Debug|x64.ActiveCfg = Debug|x64
		{B8E863A5-3D3A-4CED-B688-9FDD8AA00C70}.Debug|x64.Build.0 = Debug|x64
		{B8E863A5-3D3A-4CED-B688-9FDD8AA00C70}.Debug|x86.ActiveCfg = Debug|Win32
		{B8E863A5-3D3A-4CED-B688-9FDD8AA00C70}.Debug|x86.Build.0 = Debug|Win32
		{B8E863A5-3D3A-4CED-B688-9FDD8AA00C70}.Release|x64.ActiveCfg = Release|x64
		{B8E863A5-3D3A-4CED-B688-9FDD8AA00C70}.Release|x64.Build.0 = Release|x64
		{B8E863A5-3D3A-4CED-B688-9FDD8AA00C70}.Release|x86.ActiveCfg = Release|Win32
		{B8E863A5-3D3A-4CED-B688-9FDD8AA00C70}.Release|x86.Build.0 = Release|Win32
		{44C8A0B6-9509-43C4-B972-40FA31B0C341}.Debug|x64.ActiveCfg = Debug|x64
		{44C8A0B6-9509-43C4-B972-40FA31B0C341}.Debug|x64.Build.0 = Debug|x64
		{44C8A0B6-9509-43C4-B972-40FA31B0C341}.Debug|x86.ActiveCfg = Debug|Win32
		{44C8A0B6-9509-43C4-B972-40FA31B0C341}.Debug|x86.Build.0 = Debug|Win32
		{44C8A0B6-9509-43C4-B972-40FA31B0C341}.Release|x64.ActiveCfg = Release|x64
		{44C8A0B6-9509-43C4-B972-40FA31B0C341}.Release|x64.Build.0 = Release|x64
		{44C8A0B6-9509-43C4-B972-40FA31B0C341}.Release|x86.ActiveCfg = Release|Win32
		{44C8A0B6-9509-43C4-B972-40FA31B0C341}.Release|x86.Build.0 = Release|Win32
	EndGlobalSection
	GlobalSection(SolutionProperties) = preSolution
		HideSolutionNode = FALSE
	EndGlobalSection
	GlobalSection(ExtensibilityGlobals) = postSolution
		SolutionGuid = {4C61CC70-8CB1-4431-8A04-B9B3797AA965}
	EndGlobalSection
EndGlobal
